
Microsoft Visual Studio Solution File, Format Version 12.00
# Visual Studio Version 17
VisualStudioVersion = 17.13.35919.96 d17.13
MinimumVisualStudioVersion = 10.0.40219.1
Project("{FAE04EC0-301F-11D3-BF4B-00C04F79EFBC}") = "ModManager", "ModManager\ModManager.csproj", "{B2B4B6A4-16D8-4B07-9BD4-B8102D30DBA4}"
EndProject
Project("{2150E333-8FDC-42A3-9474-1A3956D46DE8}") = "Tests", "Tests", "{02EA681E-C7D8-13C7-8484-4AC65E1B71E8}"
EndProject
Project("{FAE04EC0-301F-11D3-BF4B-00C04F79EFBC}") = "ModManager.UITests", "ModManager.UITests\ModManager.UITests.csproj", "{F9103BF0-8179-5765-B03A-7D7AFEE5CD26}"
EndProject
Project("{FAE04EC0-301F-11D3-BF4B-00C04F79EFBC}") = "ModManager.Tests", "ModManager.Tests\ModManager.Tests.csproj", "{32DD15BB-32BE-A988-16FC-36DCC41957DA}"
EndProject
Project("{2150E333-8FDC-42A3-9474-1A3956D46DE8}") = "Solution Items", "Solution Items", "{36EF4DE5-1E55-480F-9195-2F7F515BA2F3}"
	ProjectSection(SolutionItems) = preProject
		.gitignore = .gitignore
		Directory.Build.props = Directory.Build.props
		Directory.Build.targets = Directory.Build.targets
		Directory.Packages.props = Directory.Packages.props
		global.json = global.json
	EndProjectSection
EndProject
Global
	GlobalSection(SolutionConfigurationPlatforms) = preSolution
		Debug|Any CPU = Debug|Any CPU
		Release|Any CPU = Release|Any CPU
	EndGlobalSection
	GlobalSection(ProjectConfigurationPlatforms) = postSolution
		{B2B4B6A4-16D8-4B07-9BD4-B8102D30DBA4}.Debug|Any CPU.ActiveCfg = Debug|Any CPU
		{B2B4B6A4-16D8-4B07-9BD4-B8102D30DBA4}.Debug|Any CPU.Build.0 = Debug|Any CPU
		{B2B4B6A4-16D8-4B07-9BD4-B8102D30DBA4}.Debug|Any CPU.Deploy.0 = Debug|Any CPU
		{B2B4B6A4-16D8-4B07-9BD4-B8102D30DBA4}.Release|Any CPU.ActiveCfg = Release|Any CPU
		{B2B4B6A4-16D8-4B07-9BD4-B8102D30DBA4}.Release|Any CPU.Build.0 = Release|Any CPU
		{B2B4B6A4-16D8-4B07-9BD4-B8102D30DBA4}.Release|Any CPU.Deploy.0 = Release|Any CPU
		{F9103BF0-8179-5765-B03A-7D7AFEE5CD26}.Debug|Any CPU.ActiveCfg = Debug|Any CPU
		{F9103BF0-8179-5765-B03A-7D7AFEE5CD26}.Debug|Any CPU.Build.0 = Debug|Any CPU
		{F9103BF0-8179-5765-B03A-7D7AFEE5CD26}.Debug|Any CPU.Deploy.0 = Debug|Any CPU
		{F9103BF0-8179-5765-B03A-7D7AFEE5CD26}.Release|Any CPU.ActiveCfg = Release|Any CPU
		{F9103BF0-8179-5765-B03A-7D7AFEE5CD26}.Release|Any CPU.Build.0 = Release|Any CPU
		{F9103BF0-8179-5765-B03A-7D7AFEE5CD26}.Release|Any CPU.Deploy.0 = Release|Any CPU
		{32DD15BB-32BE-A988-16FC-36DCC41957DA}.Debug|Any CPU.ActiveCfg = Debug|Any CPU
		{32DD15BB-32BE-A988-16FC-36DCC41957DA}.Debug|Any CPU.Build.0 = Debug|Any CPU
		{32DD15BB-32BE-A988-16FC-36DCC41957DA}.Debug|Any CPU.Deploy.0 = Debug|Any CPU
		{32DD15BB-32BE-A988-16FC-36DCC41957DA}.Release|Any CPU.ActiveCfg = Release|Any CPU
		{32DD15BB-32BE-A988-16FC-36DCC41957DA}.Release|Any CPU.Build.0 = Release|Any CPU
		{32DD15BB-32BE-A988-16FC-36DCC41957DA}.Release|Any CPU.Deploy.0 = Release|Any CPU
	EndGlobalSection
	GlobalSection(SolutionProperties) = preSolution
		HideSolutionNode = FALSE
	EndGlobalSection
	GlobalSection(NestedProjects) = preSolution
		{F9103BF0-8179-5765-B03A-7D7AFEE5CD26} = {02EA681E-C7D8-13C7-8484-4AC65E1B71E8}
		{32DD15BB-32BE-A988-16FC-36DCC41957DA} = {02EA681E-C7D8-13C7-8484-4AC65E1B71E8}
	EndGlobalSection
	GlobalSection(ExtensibilityGlobals) = postSolution
		SolutionGuid = {CFBACBCB-097E-47B9-87E7-C178AFDE56CE}
	EndGlobalSection
EndGlobal
